// !$*UTF8*$!
{
	archiveVersion = 1;
	classes = {
	};
	objectVersion = 50;
	objects = {

/* Begin PBXBuildFile section */
		5290FC9225E295E000C6FA38 /* ListUserTableViewController.swift in Sources */ = {isa = PBXBuildFile; fileRef = 5290FC9125E295E000C6FA38 /* ListUserTableViewController.swift */; };
		5290FC9525E2962000C6FA38 /* ListUserCell.swift in Sources */ = {isa = PBXBuildFile; fileRef = 5290FC9425E2962000C6FA38 /* ListUserCell.swift */; };
		5342AF5825E2877A00F67E2C /* DataManager.swift in Sources */ = {isa = PBXBuildFile; fileRef = 5342AF5725E2877A00F67E2C /* DataManager.swift */; };
		5342AF5D25E287AF00F67E2C /* Person.swift in Sources */ = {isa = PBXBuildFile; fileRef = 5342AF5C25E287AF00F67E2C /* Person.swift */; };
		7C3BF4E425E04BFA0059220A /* AppDelegate.swift in Sources */ = {isa = PBXBuildFile; fileRef = 7C3BF4E325E04BFA0059220A /* AppDelegate.swift */; };
		7C3BF4E625E04BFA0059220A /* SceneDelegate.swift in Sources */ = {isa = PBXBuildFile; fileRef = 7C3BF4E525E04BFA0059220A /* SceneDelegate.swift */; };
		7C3BF4E825E04BFA0059220A /* AboutMeViewController.swift in Sources */ = {isa = PBXBuildFile; fileRef = 7C3BF4E725E04BFA0059220A /* AboutMeViewController.swift */; };
		7C3BF4EB25E04BFA0059220A /* Main.storyboard in Resources */ = {isa = PBXBuildFile; fileRef = 7C3BF4E925E04BFA0059220A /* Main.storyboard */; };
		7C3BF4ED25E04BFC0059220A /* Assets.xcassets in Resources */ = {isa = PBXBuildFile; fileRef = 7C3BF4EC25E04BFC0059220A /* Assets.xcassets */; };
		7C3BF4F025E04BFC0059220A /* LaunchScreen.storyboard in Resources */ = {isa = PBXBuildFile; fileRef = 7C3BF4EE25E04BFC0059220A /* LaunchScreen.storyboard */; };
		7C9B1BC225E2935D003343B9 /* HobbyViewController.swift in Sources */ = {isa = PBXBuildFile; fileRef = 7C9B1BC125E2935D003343B9 /* HobbyViewController.swift */; };
		7C9B1BC525E293A0003343B9 /* InfoViewController.swift in Sources */ = {isa = PBXBuildFile; fileRef = 7C9B1BC425E293A0003343B9 /* InfoViewController.swift */; };
		7C9B1BCD25E2A9AB003343B9 /* TabBarController.swift in Sources */ = {isa = PBXBuildFile; fileRef = 7C9B1BCC25E2A9AA003343B9 /* TabBarController.swift */; };
/* End PBXBuildFile section */

/* Begin PBXFileReference section */
		5290FC9125E295E000C6FA38 /* ListUserTableViewController.swift */ = {isa = PBXFileReference; lastKnownFileType = sourcecode.swift; path = ListUserTableViewController.swift; sourceTree = "<group>"; };
		5290FC9425E2962000C6FA38 /* ListUserCell.swift */ = {isa = PBXFileReference; lastKnownFileType = sourcecode.swift; path = ListUserCell.swift; sourceTree = "<group>"; };
		5342AF5725E2877A00F67E2C /* DataManager.swift */ = {isa = PBXFileReference; lastKnownFileType = sourcecode.swift; path = DataManager.swift; sourceTree = "<group>"; };
		5342AF5C25E287AF00F67E2C /* Person.swift */ = {isa = PBXFileReference; lastKnownFileType = sourcecode.swift; path = Person.swift; sourceTree = "<group>"; };
		7C3BF4E025E04BFA0059220A /* CodemakersTeam.app */ = {isa = PBXFileReference; explicitFileType = wrapper.application; includeInIndex = 0; path = CodemakersTeam.app; sourceTree = BUILT_PRODUCTS_DIR; };
		7C3BF4E325E04BFA0059220A /* AppDelegate.swift */ = {isa = PBXFileReference; lastKnownFileType = sourcecode.swift; path = AppDelegate.swift; sourceTree = "<group>"; };
		7C3BF4E525E04BFA0059220A /* SceneDelegate.swift */ = {isa = PBXFileReference; lastKnownFileType = sourcecode.swift; path = SceneDelegate.swift; sourceTree = "<group>"; };
		7C3BF4E725E04BFA0059220A /* AboutMeViewController.swift */ = {isa = PBXFileReference; lastKnownFileType = sourcecode.swift; path = AboutMeViewController.swift; sourceTree = "<group>"; };
		7C3BF4EA25E04BFA0059220A /* Base */ = {isa = PBXFileReference; lastKnownFileType = file.storyboard; name = Base; path = Base.lproj/Main.storyboard; sourceTree = "<group>"; };
		7C3BF4EC25E04BFC0059220A /* Assets.xcassets */ = {isa = PBXFileReference; lastKnownFileType = folder.assetcatalog; path = Assets.xcassets; sourceTree = "<group>"; };
		7C3BF4EF25E04BFC0059220A /* Base */ = {isa = PBXFileReference; lastKnownFileType = file.storyboard; name = Base; path = Base.lproj/LaunchScreen.storyboard; sourceTree = "<group>"; };
		7C3BF4F125E04BFC0059220A /* Info.plist */ = {isa = PBXFileReference; lastKnownFileType = text.plist.xml; path = Info.plist; sourceTree = "<group>"; };
		7C9B1BC125E2935D003343B9 /* HobbyViewController.swift */ = {isa = PBXFileReference; lastKnownFileType = sourcecode.swift; path = HobbyViewController.swift; sourceTree = "<group>"; };
		7C9B1BC425E293A0003343B9 /* InfoViewController.swift */ = {isa = PBXFileReference; lastKnownFileType = sourcecode.swift; path = InfoViewController.swift; sourceTree = "<group>"; };
		7C9B1BCC25E2A9AA003343B9 /* TabBarController.swift */ = {isa = PBXFileReference; lastKnownFileType = sourcecode.swift; path = TabBarController.swift; sourceTree = "<group>"; };
/* End PBXFileReference section */

/* Begin PBXFrameworksBuildPhase section */
		7C3BF4DD25E04BFA0059220A /* Frameworks */ = {
			isa = PBXFrameworksBuildPhase;
			buildActionMask = 2147483647;
			files = (
			);
			runOnlyForDeploymentPostprocessing = 0;
		};
/* End PBXFrameworksBuildPhase section */

/* Begin PBXGroup section */
		5290FC9725E2962C00C6FA38 /* Cell */ = {
			isa = PBXGroup;
			children = (
				5290FC9425E2962000C6FA38 /* ListUserCell.swift */,
			);
			path = Cell;
			sourceTree = "<group>";
		};
		5342AF5625E2874D00F67E2C /* Services */ = {
			isa = PBXGroup;
			children = (
				5342AF5725E2877A00F67E2C /* DataManager.swift */,
			);
			path = Services;
			sourceTree = "<group>";
		};
		5342AF5B25E2879600F67E2C /* Models */ = {
			isa = PBXGroup;
			children = (
				5342AF5C25E287AF00F67E2C /* Person.swift */,
			);
			path = Models;
			sourceTree = "<group>";
		};
		7C3BF4D725E04BFA0059220A = {
			isa = PBXGroup;
			children = (
				7C3BF4E225E04BFA0059220A /* CodemakersTeam */,
				7C3BF4E125E04BFA0059220A /* Products */,
			);
			sourceTree = "<group>";
		};
		7C3BF4E125E04BFA0059220A /* Products */ = {
			isa = PBXGroup;
			children = (
				7C3BF4E025E04BFA0059220A /* CodemakersTeam.app */,
			);
			name = Products;
			sourceTree = "<group>";
		};
		7C3BF4E225E04BFA0059220A /* CodemakersTeam */ = {
			isa = PBXGroup;
			children = (
				5342AF5B25E2879600F67E2C /* Models */,
				5342AF5625E2874D00F67E2C /* Services */,
				5290FC9725E2962C00C6FA38 /* Cell */,
				7C3BF4F825E04C750059220A /* ViewControllers */,
				7C3BF4FB25E04CB60059220A /* Storyboards */,
				7C3BF4FA25E04CAB0059220A /* SupportingFiles */,
				7C3BF4FD25E04D090059220A /* Resources */,
			);
			path = CodemakersTeam;
			sourceTree = "<group>";
		};
		7C3BF4F825E04C750059220A /* ViewControllers */ = {
			isa = PBXGroup;
			children = (
				7C3BF4E725E04BFA0059220A /* AboutMeViewController.swift */,
				7C9B1BC125E2935D003343B9 /* HobbyViewController.swift */,
				7C9B1BC425E293A0003343B9 /* InfoViewController.swift */,
				5290FC9125E295E000C6FA38 /* ListUserTableViewController.swift */,
				7C9B1BCC25E2A9AA003343B9 /* TabBarController.swift */,
			);
			path = ViewControllers;
			sourceTree = "<group>";
		};
		7C3BF4FA25E04CAB0059220A /* SupportingFiles */ = {
			isa = PBXGroup;
			children = (
				7C3BF4F125E04BFC0059220A /* Info.plist */,
				7C3BF4E325E04BFA0059220A /* AppDelegate.swift */,
				7C3BF4E525E04BFA0059220A /* SceneDelegate.swift */,
			);
			path = SupportingFiles;
			sourceTree = "<group>";
		};
		7C3BF4FB25E04CB60059220A /* Storyboards */ = {
			isa = PBXGroup;
			children = (
				7C3BF4E925E04BFA0059220A /* Main.storyboard */,
				7C3BF4EE25E04BFC0059220A /* LaunchScreen.storyboard */,
			);
			path = Storyboards;
			sourceTree = "<group>";
		};
		7C3BF4FD25E04D090059220A /* Resources */ = {
			isa = PBXGroup;
			children = (
				7C3BF4EC25E04BFC0059220A /* Assets.xcassets */,
			);
			path = Resources;
			sourceTree = "<group>";
		};
/* End PBXGroup section */

/* Begin PBXNativeTarget section */
		7C3BF4DF25E04BFA0059220A /* CodemakersTeam */ = {
			isa = PBXNativeTarget;
			buildConfigurationList = 7C3BF4F425E04BFC0059220A /* Build configuration list for PBXNativeTarget "CodemakersTeam" */;
			buildPhases = (
				7C3BF4DC25E04BFA0059220A /* Sources */,
				7C3BF4DD25E04BFA0059220A /* Frameworks */,
				7C3BF4DE25E04BFA0059220A /* Resources */,
			);
			buildRules = (
			);
			dependencies = (
			);
			name = CodemakersTeam;
			productName = CodemakersTeam;
			productReference = 7C3BF4E025E04BFA0059220A /* CodemakersTeam.app */;
			productType = "com.apple.product-type.application";
		};
/* End PBXNativeTarget section */

/* Begin PBXProject section */
		7C3BF4D825E04BFA0059220A /* Project object */ = {
			isa = PBXProject;
			attributes = {
				LastSwiftUpdateCheck = 1240;
				LastUpgradeCheck = 1240;
				TargetAttributes = {
					7C3BF4DF25E04BFA0059220A = {
						CreatedOnToolsVersion = 12.4;
					};
				};
			};
			buildConfigurationList = 7C3BF4DB25E04BFA0059220A /* Build configuration list for PBXProject "CodemakersTeam" */;
			compatibilityVersion = "Xcode 9.3";
			developmentRegion = en;
			hasScannedForEncodings = 0;
			knownRegions = (
				en,
				Base,
			);
			mainGroup = 7C3BF4D725E04BFA0059220A;
			productRefGroup = 7C3BF4E125E04BFA0059220A /* Products */;
			projectDirPath = "";
			projectRoot = "";
			targets = (
				7C3BF4DF25E04BFA0059220A /* CodemakersTeam */,
			);
		};
/* End PBXProject section */

/* Begin PBXResourcesBuildPhase section */
		7C3BF4DE25E04BFA0059220A /* Resources */ = {
			isa = PBXResourcesBuildPhase;
			buildActionMask = 2147483647;
			files = (
				7C3BF4F025E04BFC0059220A /* LaunchScreen.storyboard in Resources */,
				7C3BF4ED25E04BFC0059220A /* Assets.xcassets in Resources */,
				7C3BF4EB25E04BFA0059220A /* Main.storyboard in Resources */,
			);
			runOnlyForDeploymentPostprocessing = 0;
		};
/* End PBXResourcesBuildPhase section */

/* Begin PBXSourcesBuildPhase section */
		7C3BF4DC25E04BFA0059220A /* Sources */ = {
			isa = PBXSourcesBuildPhase;
			buildActionMask = 2147483647;
			files = (
				5290FC9525E2962000C6FA38 /* ListUserCell.swift in Sources */,
				5342AF5D25E287AF00F67E2C /* Person.swift in Sources */,
				7C9B1BCD25E2A9AB003343B9 /* TabBarController.swift in Sources */,
				7C3BF4E825E04BFA0059220A /* AboutMeViewController.swift in Sources */,
				5290FC9225E295E000C6FA38 /* ListUserTableViewController.swift in Sources */,
				5342AF5825E2877A00F67E2C /* DataManager.swift in Sources */,
				7C9B1BC525E293A0003343B9 /* InfoViewController.swift in Sources */,
				7C9B1BC225E2935D003343B9 /* HobbyViewController.swift in Sources */,
				7C3BF4E425E04BFA0059220A /* AppDelegate.swift in Sources */,
				7C3BF4E625E04BFA0059220A /* SceneDelegate.swift in Sources */,
			);
			runOnlyForDeploymentPostprocessing = 0;
		};
/* End PBXSourcesBuildPhase section */

/* Begin PBXVariantGroup section */
		7C3BF4E925E04BFA0059220A /* Main.storyboard */ = {
			isa = PBXVariantGroup;
			children = (
				7C3BF4EA25E04BFA0059220A /* Base */,
			);
			name = Main.storyboard;
			sourceTree = "<group>";
		};
		7C3BF4EE25E04BFC0059220A /* LaunchScreen.storyboard */ = {
			isa = PBXVariantGroup;
			children = (
				7C3BF4EF25E04BFC0059220A /* Base */,
			);
			name = LaunchScreen.storyboard;
			sourceTree = "<group>";
		};
/* End PBXVariantGroup section */

/* Begin XCBuildConfiguration section */
		7C3BF4F225E04BFC0059220A /* Debug */ = {
			isa = XCBuildConfiguration;
			buildSettings = {
				ALWAYS_SEARCH_USER_PATHS = NO;
				CLANG_ANALYZER_NONNULL = YES;
				CLANG_ANALYZER_NUMBER_OBJECT_CONVERSION = YES_AGGRESSIVE;
				CLANG_CXX_LANGUAGE_STANDARD = "gnu++14";
				CLANG_CXX_LIBRARY = "libc++";
				CLANG_ENABLE_MODULES = YES;
				CLANG_ENABLE_OBJC_ARC = YES;
				CLANG_ENABLE_OBJC_WEAK = YES;
				CLANG_WARN_BLOCK_CAPTURE_AUTORELEASING = YES;
				CLANG_WARN_BOOL_CONVERSION = YES;
				CLANG_WARN_COMMA = YES;
				CLANG_WARN_CONSTANT_CONVERSION = YES;
				CLANG_WARN_DEPRECATED_OBJC_IMPLEMENTATIONS = YES;
				CLANG_WARN_DIRECT_OBJC_ISA_USAGE = YES_ERROR;
				CLANG_WARN_DOCUMENTATION_COMMENTS = YES;
				CLANG_WARN_EMPTY_BODY = YES;
				CLANG_WARN_ENUM_CONVERSION = YES;
				CLANG_WARN_INFINITE_RECURSION = YES;
				CLANG_WARN_INT_CONVERSION = YES;
				CLANG_WARN_NON_LITERAL_NULL_CONVERSION = YES;
				CLANG_WARN_OBJC_IMPLICIT_RETAIN_SELF = YES;
				CLANG_WARN_OBJC_LITERAL_CONVERSION = YES;
				CLANG_WARN_OBJC_ROOT_CLASS = YES_ERROR;
				CLANG_WARN_QUOTED_INCLUDE_IN_FRAMEWORK_HEADER = YES;
				CLANG_WARN_RANGE_LOOP_ANALYSIS = YES;
				CLANG_WARN_STRICT_PROTOTYPES = YES;
				CLANG_WARN_SUSPICIOUS_MOVE = YES;
				CLANG_WARN_UNGUARDED_AVAILABILITY = YES_AGGRESSIVE;
				CLANG_WARN_UNREACHABLE_CODE = YES;
				CLANG_WARN__DUPLICATE_METHOD_MATCH = YES;
				COPY_PHASE_STRIP = NO;
				DEBUG_INFORMATION_FORMAT = dwarf;
				ENABLE_STRICT_OBJC_MSGSEND = YES;
				ENABLE_TESTABILITY = YES;
				GCC_C_LANGUAGE_STANDARD = gnu11;
				GCC_DYNAMIC_NO_PIC = NO;
				GCC_NO_COMMON_BLOCKS = YES;
				GCC_OPTIMIZATION_LEVEL = 0;
				GCC_PREPROCESSOR_DEFINITIONS = (
					"DEBUG=1",
					"$(inherited)",
				);
				GCC_WARN_64_TO_32_BIT_CONVERSION = YES;
				GCC_WARN_ABOUT_RETURN_TYPE = YES_ERROR;
				GCC_WARN_UNDECLARED_SELECTOR = YES;
				GCC_WARN_UNINITIALIZED_AUTOS = YES_AGGRESSIVE;
				GCC_WARN_UNUSED_FUNCTION = YES;
				GCC_WARN_UNUSED_VARIABLE = YES;
				IPHONEOS_DEPLOYMENT_TARGET = 14.4;
				MTL_ENABLE_DEBUG_INFO = INCLUDE_SOURCE;
				MTL_FAST_MATH = YES;
				ONLY_ACTIVE_ARCH = YES;
				SDKROOT = iphoneos;
				SWIFT_ACTIVE_COMPILATION_CONDITIONS = DEBUG;
				SWIFT_OPTIMIZATION_LEVEL = "-Onone";
			};
			name = Debug;
		};
		7C3BF4F325E04BFC0059220A /* Release */ = {
			isa = XCBuildConfiguration;
			buildSettings = {
				ALWAYS_SEARCH_USER_PATHS = NO;
				CLANG_ANALYZER_NONNULL = YES;
				CLANG_ANALYZER_NUMBER_OBJECT_CONVERSION = YES_AGGRESSIVE;
				CLANG_CXX_LANGUAGE_STANDARD = "gnu++14";
				CLANG_CXX_LIBRARY = "libc++";
				CLANG_ENABLE_MODULES = YES;
				CLANG_ENABLE_OBJC_ARC = YES;
				CLANG_ENABLE_OBJC_WEAK = YES;
				CLANG_WARN_BLOCK_CAPTURE_AUTORELEASING = YES;
				CLANG_WARN_BOOL_CONVERSION = YES;
				CLANG_WARN_COMMA = YES;
				CLANG_WARN_CONSTANT_CONVERSION = YES;
				CLANG_WARN_DEPRECATED_OBJC_IMPLEMENTATIONS = YES;
				CLANG_WARN_DIRECT_OBJC_ISA_USAGE = YES_ERROR;
				CLANG_WARN_DOCUMENTATION_COMMENTS = YES;
				CLANG_WARN_EMPTY_BODY = YES;
				CLANG_WARN_ENUM_CONVERSION = YES;
				CLANG_WARN_INFINITE_RECURSION = YES;
				CLANG_WARN_INT_CONVERSION = YES;
				CLANG_WARN_NON_LITERAL_NULL_CONVERSION = YES;
				CLANG_WARN_OBJC_IMPLICIT_RETAIN_SELF = YES;
				CLANG_WARN_OBJC_LITERAL_CONVERSION = YES;
				CLANG_WARN_OBJC_ROOT_CLASS = YES_ERROR;
				CLANG_WARN_QUOTED_INCLUDE_IN_FRAMEWORK_HEADER = YES;
				CLANG_WARN_RANGE_LOOP_ANALYSIS = YES;
				CLANG_WARN_STRICT_PROTOTYPES = YES;
				CLANG_WARN_SUSPICIOUS_MOVE = YES;
				CLANG_WARN_UNGUARDED_AVAILABILITY = YES_AGGRESSIVE;
				CLANG_WARN_UNREACHABLE_CODE = YES;
				CLANG_WARN__DUPLICATE_METHOD_MATCH = YES;
				COPY_PHASE_STRIP = NO;
				DEBUG_INFORMATION_FORMAT = "dwarf-with-dsym";
				ENABLE_NS_ASSERTIONS = NO;
				ENABLE_STRICT_OBJC_MSGSEND = YES;
				GCC_C_LANGUAGE_STANDARD = gnu11;
				GCC_NO_COMMON_BLOCKS = YES;
				GCC_WARN_64_TO_32_BIT_CONVERSION = YES;
				GCC_WARN_ABOUT_RETURN_TYPE = YES_ERROR;
				GCC_WARN_UNDECLARED_SELECTOR = YES;
				GCC_WARN_UNINITIALIZED_AUTOS = YES_AGGRESSIVE;
				GCC_WARN_UNUSED_FUNCTION = YES;
				GCC_WARN_UNUSED_VARIABLE = YES;
				IPHONEOS_DEPLOYMENT_TARGET = 14.4;
				MTL_ENABLE_DEBUG_INFO = NO;
				MTL_FAST_MATH = YES;
				SDKROOT = iphoneos;
				SWIFT_COMPILATION_MODE = wholemodule;
				SWIFT_OPTIMIZATION_LEVEL = "-O";
				VALIDATE_PRODUCT = YES;
			};
			name = Release;
		};
		7C3BF4F525E04BFC0059220A /* Debug */ = {
			isa = XCBuildConfiguration;
			buildSettings = {
				ASSETCATALOG_COMPILER_APPICON_NAME = AppIcon;
				ASSETCATALOG_COMPILER_GLOBAL_ACCENT_COLOR_NAME = AccentColor;
				CODE_SIGN_STYLE = Automatic;
				DEVELOPMENT_TEAM = PQYEDNAEEG;
				INFOPLIST_FILE = CodemakersTeam/SupportingFiles/Info.plist;
				LD_RUNPATH_SEARCH_PATHS = (
					"$(inherited)",
					"@executable_path/Frameworks",
				);
				PRODUCT_BUNDLE_IDENTIFIER = S.Kornev.CodemakersTeam;
				PRODUCT_NAME = "$(TARGET_NAME)";
				SWIFT_VERSION = 5.0;
				TARGETED_DEVICE_FAMILY = "1,2";
			};
			name = Debug;
		};
		7C3BF4F625E04BFC0059220A /* Release */ = {
			isa = XCBuildConfiguration;
			buildSettings = {
				ASSETCATALOG_COMPILER_APPICON_NAME = AppIcon;
				ASSETCATALOG_COMPILER_GLOBAL_ACCENT_COLOR_NAME = AccentColor;
				CODE_SIGN_STYLE = Automatic;
				DEVELOPMENT_TEAM = PQYEDNAEEG;
				INFOPLIST_FILE = CodemakersTeam/SupportingFiles/Info.plist;
				LD_RUNPATH_SEARCH_PATHS = (
					"$(inherited)",
					"@executable_path/Frameworks",
				);
				PRODUCT_BUNDLE_IDENTIFIER = S.Kornev.CodemakersTeam;
				PRODUCT_NAME = "$(TARGET_NAME)";
				SWIFT_VERSION = 5.0;
				TARGETED_DEVICE_FAMILY = "1,2";
			};
			name = Release;
		};
/* End XCBuildConfiguration section */

/* Begin XCConfigurationList section */
		7C3BF4DB25E04BFA0059220A /* Build configuration list for PBXProject "CodemakersTeam" */ = {
			isa = XCConfigurationList;
			buildConfigurations = (
				7C3BF4F225E04BFC0059220A /* Debug */,
				7C3BF4F325E04BFC0059220A /* Release */,
			);
			defaultConfigurationIsVisible = 0;
			defaultConfigurationName = Release;
		};
		7C3BF4F425E04BFC0059220A /* Build configuration list for PBXNativeTarget "CodemakersTeam" */ = {
			isa = XCConfigurationList;
			buildConfigurations = (
				7C3BF4F525E04BFC0059220A /* Debug */,
				7C3BF4F625E04BFC0059220A /* Release */,
			);
			defaultConfigurationIsVisible = 0;
			defaultConfigurationName = Release;
		};
/* End XCConfigurationList section */
	};
	rootObject = 7C3BF4D825E04BFA0059220A /* Project object */;
}
